# @generated - this file is auto-generated by `mise lock` https://mise.en.dev/dev-tools/mise-lock.html

[[tools.actionlint]]
version = "1.7.12"
backend = "aqua:rhysd/actionlint"

[tools.actionlint."platforms.linux-arm64"]
checksum = "sha256:325e971b6ba9bfa504672e29be93c24981eeb1c07576d730e9f7c8805afff0c6"
url = "https://github.com/rhysd/actionlint/releases/download/v1.7.12/actionlint_1.7.12_linux_arm64.tar.gz"
url_api = "https://api.github.com/repos/rhysd/actionlint/releases/assets/384924897"
provenance = "github-attestations"

[tools.actionlint."platforms.linux-arm64-musl"]
checksum = "sha256:325e971b6ba9bfa504672e29be93c24981eeb1c07576d730e9f7c8805afff0c6"
url = "https://github.com/rhysd/actionlint/releases/download/v1.7.12/actionlint_1.7.12_linux_arm64.tar.gz"
url_api = "https://api.github.com/repos/rhysd/actionlint/releases/assets/384924897"
provenance = "github-attestations"

[tools.actionlint."platforms.linux-x64"]
checksum = "sha256:8aca8db96f1b94770f1b0d72b6dddcb1ebb8123cb3712530b08cc387b349a3d8"
url = "https://github.com/rhysd/actionlint/releases/download/v1.7.12/actionlint_1.7.12_linux_amd64.tar.gz"
url_api = "https://api.github.com/repos/rhysd/actionlint/releases/assets/384924896"
provenance = "github-attestations"

[tools.actionlint."platforms.linux-x64-musl"]
checksum = "sha256:8aca8db96f1b94770f1b0d72b6dddcb1ebb8123cb3712530b08cc387b349a3d8"
url = "https://github.com/rhysd/actionlint/releases/download/v1.7.12/actionlint_1.7.12_linux_amd64.tar.gz"
url_api = "https://api.github.com/repos/rhysd/actionlint/releases/assets/384924896"
provenance = "github-attestations"

[tools.actionlint."platforms.macos-arm64"]
checksum = "sha256:aba9ced2dee8d27fecca3dc7feb1a7f9a52caefa1eb46f3271ea66b6e0e6953f"
url = "https://github.com/rhysd/actionlint/releases/download/v1.7.12/actionlint_1.7.12_darwin_arm64.tar.gz"
url_api = "https://api.github.com/repos/rhysd/actionlint/releases/assets/384924893"
provenance = "github-attestations"

[tools.actionlint."platforms.macos-x64"]
checksum = "sha256:5b44c3bc2255115c9b69e30efc0fecdf498fdb63c5d58e17084fd5f16324c644"
url = "https://github.com/rhysd/actionlint/releases/download/v1.7.12/actionlint_1.7.12_darwin_amd64.tar.gz"
url_api = "https://api.github.com/repos/rhysd/actionlint/releases/assets/384924880"
provenance = "github-attestations"

[tools.actionlint."platforms.windows-x64"]
checksum = "sha256:6e7241b51e6817ea6a047693d8e6fed13b31819c9a0dd6c5a726e1592d22f6e9"
url = "https://github.com/rhysd/actionlint/releases/download/v1.7.12/actionlint_1.7.12_windows_amd64.zip"
url_api = "https://api.github.com/repos/rhysd/actionlint/releases/assets/384924919"
provenance = "github-attestations"

[[tools.atlas]]
version = "1.3.0"
backend = "aqua:ariga/atlas"

[tools.atlas."platforms.linux-arm64"]
checksum = "sha256:d2cfb1c71e58170bb4ddbe62107a38da4490f516ffa53a13abf57583819b6a40"
url = "https://release.ariga.io/atlas/atlas-linux-arm64-v1.3.0"

[tools.atlas."platforms.linux-arm64-musl"]
checksum = "sha256:d2cfb1c71e58170bb4ddbe62107a38da4490f516ffa53a13abf57583819b6a40"
url = "https://release.ariga.io/atlas/atlas-linux-arm64-v1.3.0"

[tools.atlas."platforms.linux-x64"]
checksum = "sha256:cfc773e5b4e845bc01d680390c174648938a7f88bf30e5a2c83ae85217c21587"
url = "https://release.ariga.io/atlas/atlas-linux-amd64-v1.3.0"

[tools.atlas."platforms.linux-x64-musl"]
checksum = "sha256:cfc773e5b4e845bc01d680390c174648938a7f88bf30e5a2c83ae85217c21587"
url = "https://release.ariga.io/atlas/atlas-linux-amd64-v1.3.0"

[tools.atlas."platforms.macos-arm64"]
checksum = "sha256:47aaf7c295c7569c7eecfcbc53f02de862846ce1fbef16f1bd8ae98b03c3c68f"
url = "https://release.ariga.io/atlas/atlas-darwin-arm64-v1.3.0"

[tools.atlas."platforms.macos-x64"]
checksum = "sha256:4b4d8621332eabc3e6e7554d799a98ceef6376c4d8bbad6ed7832b49655e3480"
url = "https://release.ariga.io/atlas/atlas-darwin-amd64-v1.3.0"

[tools.atlas."platforms.windows-x64"]
checksum = "sha256:19b3bf812be93d1b30d7199c5700af01002cbd606c2aec2394fd618af7e3f7b1"
url = "https://release.ariga.io/atlas/atlas-windows-amd64-v1.3.0.exe"

[[tools.betterleaks]]
version = "v1.7.4"
backend = "aqua:betterleaks/betterleaks"

[tools.betterleaks."platforms.linux-arm64"]
checksum = "sha256:038d8379935fb6699e12c2c95d0d4901a1ef420cbc553b7c4d4710570d03024e"
url = "https://github.com/betterleaks/betterleaks/releases/download/v1.7.4/betterleaks_1.7.4_linux_arm64.tar.gz"
url_api = "https://api.github.com/repos/betterleaks/betterleaks/releases/assets/508893143"
provenance = "cosign"

[tools.betterleaks."platforms.linux-arm64-musl"]
checksum = "sha256:038d8379935fb6699e12c2c95d0d4901a1ef420cbc553b7c4d4710570d03024e"
url = "https://github.com/betterleaks/betterleaks/releases/download/v1.7.4/betterleaks_1.7.4_linux_arm64.tar.gz"
url_api = "https://api.github.com/repos/betterleaks/betterleaks/releases/assets/508893143"
provenance = "cosign"

[tools.betterleaks."platforms.linux-x64"]
checksum = "sha256:9ed7739a39a26a2217f38726bff8a8f4fe079d3b21272caa7959823ccc444d96"
url = "https://github.com/betterleaks/betterleaks/releases/download/v1.7.4/betterleaks_1.7.4_linux_x64.tar.gz"
url_api = "https://api.github.com/repos/betterleaks/betterleaks/releases/assets/508893151"
provenance = "cosign"

[tools.betterleaks."platforms.linux-x64-musl"]
checksum = "sha256:9ed7739a39a26a2217f38726bff8a8f4fe079d3b21272caa7959823ccc444d96"
url = "https://github.com/betterleaks/betterleaks/releases/download/v1.7.4/betterleaks_1.7.4_linux_x64.tar.gz"
url_api = "https://api.github.com/repos/betterleaks/betterleaks/releases/assets/508893151"
provenance = "cosign"

[tools.betterleaks."platforms.macos-arm64"]
checksum = "sha256:9d68ab4a009a26f3f35131f321ddff11e53aaa5608a1633308836a802fe2f732"
url = "https://github.com/betterleaks/betterleaks/releases/download/v1.7.4/betterleaks_1.7.4_darwin_arm64.tar.gz"
url_api = "https://api.github.com/repos/betterleaks/betterleaks/releases/assets/508893148"
provenance = "cosign"

[tools.betterleaks."platforms.macos-x64"]
checksum = "sha256:36afd22f9cfc90c1de83a9fd4a6181e3d9a7ca473783bcfed826998a64029e11"
url = "https://github.com/betterleaks/betterleaks/releases/download/v1.7.4/betterleaks_1.7.4_darwin_x64.tar.gz"
url_api = "https://api.github.com/repos/betterleaks/betterleaks/releases/assets/508893142"
provenance = "cosign"

[tools.betterleaks."platforms.windows-x64"]
checksum = "sha256:085cc79a0cdf1dc86bcf087b2bfbd337dd996fd55bfc3f9e63f9f5144437e2b2"
url = "https://github.com/betterleaks/betterleaks/releases/download/v1.7.4/betterleaks_1.7.4_windows_x64.zip"
url_api = "https://api.github.com/repos/betterleaks/betterleaks/releases/assets/508893178"
provenance = "cosign"

[[tools."cargo:cargo-llvm-cov"]]
version = "0.8.7"
backend = "cargo:cargo-llvm-cov"

[[tools."cargo:cargo-mutants"]]
version = "27.1.0"
backend = "cargo:cargo-mutants"

[[tools.cspell]]
version = "10.0.1"
backend = "npm:cspell"

[[tools."github:k1LoW/runn"]]
version = "1.9.4"
backend = "github:k1LoW/runn"

[tools."github:k1LoW/runn"."platforms.linux-arm64"]
checksum = "sha256:0ed0aa84d2adb3bf8c71c5a8f8b570b0178c2dde2d9a03da58ea432426830515"
url = "https://github.com/k1LoW/runn/releases/download/v1.9.4/runn_v1.9.4_linux_arm64.tar.gz"
url_api = "https://api.github.com/repos/k1LoW/runn/releases/assets/461714485"
provenance = "github-attestations"

[tools."github:k1LoW/runn"."platforms.linux-arm64-musl"]
checksum = "sha256:0ed0aa84d2adb3bf8c71c5a8f8b570b0178c2dde2d9a03da58ea432426830515"
url = "https://github.com/k1LoW/runn/releases/download/v1.9.4/runn_v1.9.4_linux_arm64.tar.gz"
url_api = "https://api.github.com/repos/k1LoW/runn/releases/assets/461714485"
provenance = "github-attestations"

[tools."github:k1LoW/runn"."platforms.linux-x64"]
checksum = "sha256:ccdbb6338223e3fa61f0a4da992fcdb55a562955b6a5c72b45063bea4cee50a2"
url = "https://github.com/k1LoW/runn/releases/download/v1.9.4/runn_v1.9.4_linux_amd64.tar.gz"
url_api = "https://api.github.com/repos/k1LoW/runn/releases/assets/461714486"
provenance = "github-attestations"
provenance_verified = true

[tools."github:k1LoW/runn"."platforms.linux-x64-musl"]
checksum = "sha256:ccdbb6338223e3fa61f0a4da992fcdb55a562955b6a5c72b45063bea4cee50a2"
url = "https://github.com/k1LoW/runn/releases/download/v1.9.4/runn_v1.9.4_linux_amd64.tar.gz"
url_api = "https://api.github.com/repos/k1LoW/runn/releases/assets/461714486"
provenance = "github-attestations"

[tools."github:k1LoW/runn"."platforms.macos-arm64"]
checksum = "sha256:20cc0cf61c37730e7622c3d4abf8381819a14f63790a9d258df8cedc9b55f1c2"
url = "https://github.com/k1LoW/runn/releases/download/v1.9.4/runn_v1.9.4_darwin_arm64.zip"
url_api = "https://api.github.com/repos/k1LoW/runn/releases/assets/461714487"
provenance = "github-attestations"

[tools."github:k1LoW/runn"."platforms.macos-x64"]
checksum = "sha256:a782d3e31a4c843e94536f1277bd41793d26b7d1156377efd11b955e1316369e"
url = "https://github.com/k1LoW/runn/releases/download/v1.9.4/runn_v1.9.4_darwin_amd64.zip"
url_api = "https://api.github.com/repos/k1LoW/runn/releases/assets/461714511"
provenance = "github-attestations"

[tools."github:k1LoW/runn"."platforms.windows-x64"]
checksum = "sha256:000db87d9b5973449e3b45ca1c2ec7b94026db12b202190c7401bf2ddeb3e137"
url = "https://github.com/k1LoW/runn/releases/download/v1.9.4/runn_v1.9.4_windows_amd64.tar.gz"
url_api = "https://api.github.com/repos/k1LoW/runn/releases/assets/461714514"
provenance = "github-attestations"

[[tools."github:quarylabs/sqruff"]]
version = "0.39.0"
backend = "github:quarylabs/sqruff"

[tools."github:quarylabs/sqruff"."platforms.linux-arm64"]
checksum = "sha256:51508afb71d1139f63e757a3aefe0548591d993d4a246bcd0fcf3605553be7f5"
url = "https://github.com/quarylabs/sqruff/releases/download/v0.39.0/sqruff-linux-aarch64-musl.tar.gz"
url_api = "https://api.github.com/repos/quarylabs/sqruff/releases/assets/465487042"
provenance = "github-attestations"

[tools."github:quarylabs/sqruff"."platforms.linux-arm64-musl"]
checksum = "sha256:51508afb71d1139f63e757a3aefe0548591d993d4a246bcd0fcf3605553be7f5"
url = "https://github.com/quarylabs/sqruff/releases/download/v0.39.0/sqruff-linux-aarch64-musl.tar.gz"
url_api = "https://api.github.com/repos/quarylabs/sqruff/releases/assets/465487042"
provenance = "github-attestations"

[tools."github:quarylabs/sqruff"."platforms.linux-x64"]
checksum = "sha256:5d5ad0d1a9c9db870fb96ce80556001f809505e152101df4a5252cacca2014dc"
url = "https://github.com/quarylabs/sqruff/releases/download/v0.39.0/sqruff-linux-x86_64-musl.tar.gz"
url_api = "https://api.github.com/repos/quarylabs/sqruff/releases/assets/465484175"
provenance = "github-attestations"
provenance_verified = true

[tools."github:quarylabs/sqruff"."platforms.linux-x64-musl"]
checksum = "sha256:5d5ad0d1a9c9db870fb96ce80556001f809505e152101df4a5252cacca2014dc"
url = "https://github.com/quarylabs/sqruff/releases/download/v0.39.0/sqruff-linux-x86_64-musl.tar.gz"
url_api = "https://api.github.com/repos/quarylabs/sqruff/releases/assets/465484175"
provenance = "github-attestations"

[tools."github:quarylabs/sqruff"."platforms.macos-arm64"]
checksum = "sha256:88910104b048f7d434e28407ca306e00756ecbecac40436bafce4bc0a32a90d3"
url = "https://github.com/quarylabs/sqruff/releases/download/v0.39.0/sqruff-darwin-aarch64.tar.gz"
url_api = "https://api.github.com/repos/quarylabs/sqruff/releases/assets/465475324"
provenance = "github-attestations"

[tools."github:quarylabs/sqruff"."platforms.macos-x64"]
checksum = "sha256:e0c873b14ffdeb934ec20770de1066ce4bc9c877a37287031bb57db37caa18c5"
url = "https://github.com/quarylabs/sqruff/releases/download/v0.39.0/sqruff-darwin-x86_64.tar.gz"
url_api = "https://api.github.com/repos/quarylabs/sqruff/releases/assets/465473441"
provenance = "github-attestations"

[tools."github:quarylabs/sqruff"."platforms.windows-x64"]
checksum = "sha256:3c3c3e0c0924e0a38fe75d99d7fd40ca6ba5d9701cbfbe7caa8b92e6930c9c43"
url = "https://github.com/quarylabs/sqruff/releases/download/v0.39.0/sqruff-windows-x86_64.zip"
url_api = "https://api.github.com/repos/quarylabs/sqruff/releases/assets/465478191"
provenance = "github-attestations"

[[tools.lefthook]]
version = "2.1.10"
backend = "aqua:evilmartians/lefthook"

[tools.lefthook."platforms.linux-arm64"]
checksum = "sha256:6380a6ad6dd484466fd69bd83f24491d6ec27dc0b84e837be025620f7c4e11e3"
url = "https://github.com/evilmartians/lefthook/releases/download/v2.1.10/lefthook_2.1.10_Linux_aarch64.gz"
url_api = "https://api.github.com/repos/evilmartians/lefthook/releases/assets/470227512"
provenance = "github-attestations"

[tools.lefthook."platforms.linux-arm64-musl"]
checksum = "sha256:6380a6ad6dd484466fd69bd83f24491d6ec27dc0b84e837be025620f7c4e11e3"
url = "https://github.com/evilmartians/lefthook/releases/download/v2.1.10/lefthook_2.1.10_Linux_aarch64.gz"
url_api = "https://api.github.com/repos/evilmartians/lefthook/releases/assets/470227512"
provenance = "github-attestations"

[tools.lefthook."platforms.linux-x64"]
checksum = "sha256:0b14162a0bb2f0c64ae0759f6102f6e19c4d00981666a8ac73d4f5a6878ada4f"
url = "https://github.com/evilmartians/lefthook/releases/download/v2.1.10/lefthook_2.1.10_Linux_x86_64.gz"
url_api = "https://api.github.com/repos/evilmartians/lefthook/releases/assets/470227493"
provenance = "github-attestations"

[tools.lefthook."platforms.linux-x64-musl"]
checksum = "sha256:0b14162a0bb2f0c64ae0759f6102f6e19c4d00981666a8ac73d4f5a6878ada4f"
url = "https://github.com/evilmartians/lefthook/releases/download/v2.1.10/lefthook_2.1.10_Linux_x86_64.gz"
url_api = "https://api.github.com/repos/evilmartians/lefthook/releases/assets/470227493"
provenance = "github-attestations"

[tools.lefthook."platforms.macos-arm64"]
checksum = "sha256:1dd4dc7b4c50efb1f9d9122cd6535c793738d6e59751c228d49f768ec9dbb604"
url = "https://github.com/evilmartians/lefthook/releases/download/v2.1.10/lefthook_2.1.10_MacOS_arm64.gz"
url_api = "https://api.github.com/repos/evilmartians/lefthook/releases/assets/470227499"
provenance = "github-attestations"

[tools.lefthook."platforms.macos-x64"]
checksum = "sha256:49d905f28ca46442cb236060058b252da650b5f7b864bd275b61aa46945e8c4a"
url = "https://github.com/evilmartians/lefthook/releases/download/v2.1.10/lefthook_2.1.10_MacOS_x86_64.gz"
url_api = "https://api.github.com/repos/evilmartians/lefthook/releases/assets/470227495"
provenance = "github-attestations"

[tools.lefthook."platforms.windows-x64"]
checksum = "sha256:beabbce824641ae71229ed11dd8634f47148921cb649d25c90441b737481494a"
url = "https://github.com/evilmartians/lefthook/releases/download/v2.1.10/lefthook_2.1.10_Windows_x86_64.gz"
url_api = "https://api.github.com/repos/evilmartians/lefthook/releases/assets/470227505"
provenance = "github-attestations"

[[tools.markdownlint-cli2]]
version = "0.23.2"
backend = "npm:markdownlint-cli2"

[[tools.node]]
version = "26.3.0"
backend = "core:node"

[tools.node."platforms.linux-arm64"]
checksum = "sha256:b2e01f65905c24cb5dd19c4cfbfefe0118e0504c170cc18beac343a2abbb59bd"
url = "https://nodejs.org/dist/v26.3.0/node-v26.3.0-linux-arm64.tar.gz"

[tools.node."platforms.linux-arm64-musl"]
checksum = "sha256:2487ff4f03dbd8998a3778886d50c1ee5f13a3b9cefbfa3aed02c32dbf1e1fb8"
url = "https://unofficial-builds.nodejs.org/download/release/v26.3.0/node-v26.3.0-linux-arm64-musl.tar.gz"

[tools.node."platforms.linux-x64"]
checksum = "sha256:a6e65cc653e40c1653b77742f9185dbce3ff1f99fa2746d211bddb53530ef206"
url = "https://nodejs.org/dist/v26.3.0/node-v26.3.0-linux-x64.tar.gz"

[tools.node."platforms.linux-x64-musl"]
checksum = "sha256:6ad2e7c0cf693fecc2febb1abf753940244f3baaa04626361ed52d64843ffc67"
url = "https://unofficial-builds.nodejs.org/download/release/v26.3.0/node-v26.3.0-linux-x64-musl.tar.gz"

[tools.node."platforms.macos-arm64"]
checksum = "sha256:77ef7f7a15aa757c2ca19d63cf41c8d9eb3b18590ebc6883871310787d8c6b6c"
url = "https://nodejs.org/dist/v26.3.0/node-v26.3.0-darwin-arm64.tar.gz"

[tools.node."platforms.macos-x64"]
checksum = "sha256:7453bd54a17bdc656e2e784d702f6eeb224fb517965e6f8c5a31a88c83d3804c"
url = "https://nodejs.org/dist/v26.3.0/node-v26.3.0-darwin-x64.tar.gz"

[tools.node."platforms.windows-x64"]
checksum = "sha256:ec6d0f6b056c89498a9b26c4d5c77a31fd0b7fe45ba8a45fa87d26f66c3ebce4"
url = "https://nodejs.org/dist/v26.3.0/node-v26.3.0-win-x64.zip"

[[tools.rust]]
version = "1.97.1"
backend = "core:rust"

[tools.rust.options]
components = "clippy,llvm-tools,rustfmt"
profile = "minimal"

[[tools.shellcheck]]
version = "0.11.0"
backend = "aqua:koalaman/shellcheck"

[tools.shellcheck."platforms.linux-arm64"]
checksum = "sha256:12b331c1d2db6b9eb13cfca64306b1b157a86eb69db83023e261eaa7e7c14588"
url = "https://github.com/koalaman/shellcheck/releases/download/v0.11.0/shellcheck-v0.11.0.linux.aarch64.tar.xz"
url_api = "https://api.github.com/repos/koalaman/shellcheck/releases/assets/279056934"

[tools.shellcheck."platforms.linux-arm64-musl"]
checksum = "sha256:12b331c1d2db6b9eb13cfca64306b1b157a86eb69db83023e261eaa7e7c14588"
url = "https://github.com/koalaman/shellcheck/releases/download/v0.11.0/shellcheck-v0.11.0.linux.aarch64.tar.xz"
url_api = "https://api.github.com/repos/koalaman/shellcheck/releases/assets/279056934"

[tools.shellcheck."platforms.linux-x64"]
checksum = "sha256:8c3be12b05d5c177a04c29e3c78ce89ac86f1595681cab149b65b97c4e227198"
url = "https://github.com/koalaman/shellcheck/releases/download/v0.11.0/shellcheck-v0.11.0.linux.x86_64.tar.xz"
url_api = "https://api.github.com/repos/koalaman/shellcheck/releases/assets/279056942"

[tools.shellcheck."platforms.linux-x64-musl"]
checksum = "sha256:8c3be12b05d5c177a04c29e3c78ce89ac86f1595681cab149b65b97c4e227198"
url = "https://github.com/koalaman/shellcheck/releases/download/v0.11.0/shellcheck-v0.11.0.linux.x86_64.tar.xz"
url_api = "https://api.github.com/repos/koalaman/shellcheck/releases/assets/279056942"

[tools.shellcheck."platforms.macos-arm64"]
checksum = "sha256:56affdd8de5527894dca6dc3d7e0a99a873b0f004d7aabc30ae407d3f48b0a79"
url = "https://github.com/koalaman/shellcheck/releases/download/v0.11.0/shellcheck-v0.11.0.darwin.aarch64.tar.xz"
url_api = "https://api.github.com/repos/koalaman/shellcheck/releases/assets/279056932"

[tools.shellcheck."platforms.macos-x64"]
checksum = "sha256:3c89db4edcab7cf1c27bff178882e0f6f27f7afdf54e859fa041fca10febe4c6"
url = "https://github.com/koalaman/shellcheck/releases/download/v0.11.0/shellcheck-v0.11.0.darwin.x86_64.tar.xz"
url_api = "https://api.github.com/repos/koalaman/shellcheck/releases/assets/279056930"

[tools.shellcheck."platforms.windows-x64"]
checksum = "sha256:8a4e35ab0b331c85d73567b12f2a444df187f483e5079ceffa6bda1faa2e740e"
url = "https://github.com/koalaman/shellcheck/releases/download/v0.11.0/shellcheck-v0.11.0.zip"
url_api = "https://api.github.com/repos/koalaman/shellcheck/releases/assets/279056944"

[[tools.zizmor]]
version = "1.29.0"
backend = "aqua:zizmorcore/zizmor"

[tools.zizmor."platforms.linux-arm64"]
checksum = "sha256:415eaa7c0a06479a701b8e44a3e812c1047decc848ec4bede7bd6bbf49f22d20"
url = "https://github.com/zizmorcore/zizmor/releases/download/v1.29.0/zizmor-aarch64-unknown-linux-gnu.tar.gz"
url_api = "https://api.github.com/repos/zizmorcore/zizmor/releases/assets/498263143"
provenance = "github-attestations"

[tools.zizmor."platforms.linux-arm64-musl"]
provenance = "github-attestations"

[tools.zizmor."platforms.linux-x64"]
checksum = "sha256:dd96df044a6e8538d5f423790f453bdd03d49e5b2bcc38214acc41a2f1297839"
url = "https://github.com/zizmorcore/zizmor/releases/download/v1.29.0/zizmor-x86_64-unknown-linux-gnu.tar.gz"
url_api = "https://api.github.com/repos/zizmorcore/zizmor/releases/assets/498263145"
provenance = "github-attestations"

[tools.zizmor."platforms.linux-x64-musl"]
provenance = "github-attestations"

[tools.zizmor."platforms.macos-arm64"]
checksum = "sha256:720322fade9e83a9c7953944c438f2ba942636b86b96a8f0e6b15ce94c8a6b6f"
url = "https://github.com/zizmorcore/zizmor/releases/download/v1.29.0/zizmor-aarch64-apple-darwin.tar.gz"
url_api = "https://api.github.com/repos/zizmorcore/zizmor/releases/assets/498263141"
provenance = "github-attestations"

[tools.zizmor."platforms.macos-x64"]
checksum = "sha256:648b72ab9941a7f2a8d65d7b68a8e76cef789538c8df3a3950384d38423375b0"
url = "https://github.com/zizmorcore/zizmor/releases/download/v1.29.0/zizmor-x86_64-apple-darwin.tar.gz"
url_api = "https://api.github.com/repos/zizmorcore/zizmor/releases/assets/498263144"
provenance = "github-attestations"

[tools.zizmor."platforms.windows-x64"]
checksum = "sha256:68a6bc6888f10bf0d53658c75885e7c1b7a0588d4c1fbc3f0ca280ad7324bf06"
url = "https://github.com/zizmorcore/zizmor/releases/download/v1.29.0/zizmor-x86_64-pc-windows-msvc.zip"
url_api = "https://api.github.com/repos/zizmorcore/zizmor/releases/assets/498263142"
provenance = "github-attestations"
